// !$*UTF8*$!
{
	archiveVersion = 1;
	classes = {
	};
	objectVersion = 56;
	objects = {

/* Begin PBXBuildFile section */
		9C2CACE52AF616BA0053B1B5 /* AppDelegate.swift in Sources */ = {isa = PBXBuildFile; fileRef = 9C2CACE42AF616BA0053B1B5 /* AppDelegate.swift */; };
		9C2CACE72AF616BA0053B1B5 /* SceneDelegate.swift in Sources */ = {isa = PBXBuildFile; fileRef = 9C2CACE62AF616BA0053B1B5 /* SceneDelegate.swift */; };
		9C2CACE92AF616BA0053B1B5 /* ViewController.swift in Sources */ = {isa = PBXBuildFile; fileRef = 9C2CACE82AF616BA0053B1B5 /* ViewController.swift */; };
		9C2CACEC2AF616BA0053B1B5 /* Main.storyboard in Resources */ = {isa = PBXBuildFile; fileRef = 9C2CACEA2AF616BA0053B1B5 /* Main.storyboard */; };
		9C2CACEE2AF616BB0053B1B5 /* Assets.xcassets in Resources */ = {isa = PBXBuildFile; fileRef = 9C2CACED2AF616BB0053B1B5 /* Assets.xcassets */; };
		9C2CACF12AF616BB0053B1B5 /* LaunchScreen.storyboard in Resources */ = {isa = PBXBuildFile; fileRef = 9C2CACEF2AF616BB0053B1B5 /* LaunchScreen.storyboard */; };
		9C2CACFC2AF616BB0053B1B5 /* _thWeekBeforeStudyMissionTests.swift in Sources */ = {isa = PBXBuildFile; fileRef = 9C2CACFB2AF616BB0053B1B5 /* _thWeekBeforeStudyMissionTests.swift */; };
		9C2CAD062AF616BB0053B1B5 /* _thWeekBeforeStudyMissionUITests.swift in Sources */ = {isa = PBXBuildFile; fileRef = 9C2CAD052AF616BB0053B1B5 /* _thWeekBeforeStudyMissionUITests.swift */; };
		9C2CAD082AF616BB0053B1B5 /* _thWeekBeforeStudyMissionUITestsLaunchTests.swift in Sources */ = {isa = PBXBuildFile; fileRef = 9C2CAD072AF616BB0053B1B5 /* _thWeekBeforeStudyMissionUITestsLaunchTests.swift */; };
/* End PBXBuildFile section */

/* Begin PBXContainerItemProxy section */
		9C2CACF82AF616BB0053B1B5 /* PBXContainerItemProxy */ = {
			isa = PBXContainerItemProxy;
			containerPortal = 9C2CACD92AF616BA0053B1B5 /* Project object */;
			proxyType = 1;
			remoteGlobalIDString = 9C2CACE02AF616BA0053B1B5;
			remoteInfo = 4thWeekBeforeStudyMission;
		};
		9C2CAD022AF616BB0053B1B5 /* PBXContainerItemProxy */ = {
			isa = PBXContainerItemProxy;
			containerPortal = 9C2CACD92AF616BA0053B1B5 /* Project object */;
			proxyType = 1;
			remoteGlobalIDString = 9C2CACE02AF616BA0053B1B5;
			remoteInfo = 4thWeekBeforeStudyMission;
		};
/* End PBXContainerItemProxy section */

/* Begin PBXFileReference section */
		9C2CACE12AF616BA0053B1B5 /* 4thWeekBeforeStudyMission.app */ = {isa = PBXFileReference; explicitFileType = wrapper.application; includeInIndex = 0; path = 4thWeekBeforeStudyMission.app; sourceTree = BUILT_PRODUCTS_DIR; };
		9C2CACE42AF616BA0053B1B5 /* AppDelegate.swift */ = {isa = PBXFileReference; lastKnownFileType = sourcecode.swift; path = AppDelegate.swift; sourceTree = "<group>"; };
		9C2CACE62AF616BA0053B1B5 /* SceneDelegate.swift */ = {isa = PBXFileReference; lastKnownFileType = sourcecode.swift; path = SceneDelegate.swift; sourceTree = "<group>"; };
		9C2CACE82AF616BA0053B1B5 /* ViewController.swift */ = {isa = PBXFileReference; lastKnownFileType = sourcecode.swift; path = ViewController.swift; sourceTree = "<group>"; };
		9C2CACEB2AF616BA0053B1B5 /* Base */ = {isa = PBXFileReference; lastKnownFileType = file.storyboard; name = Base; path = Base.lproj/Main.storyboard; sourceTree = "<group>"; };
		9C2CACED2AF616BB0053B1B5 /* Assets.xcassets */ = {isa = PBXFileReference; lastKnownFileType = folder.assetcatalog; path = Assets.xcassets; sourceTree = "<group>"; };
		9C2CACF02AF616BB0053B1B5 /* Base */ = {isa = PBXFileReference; lastKnownFileType = file.storyboard; name = Base; path = Base.lproj/LaunchScreen.storyboard; sourceTree = "<group>"; };
		9C2CACF22AF616BB0053B1B5 /* Info.plist */ = {isa = PBXFileReference; lastKnownFileType = text.plist.xml; path = Info.plist; sourceTree = "<group>"; };
		9C2CACF72AF616BB0053B1B5 /* 4thWeekBeforeStudyMissionTests.xctest */ = {isa = PBXFileReference; explicitFileType = wrapper.cfbundle; includeInIndex = 0; path = 4thWeekBeforeStudyMissionTests.xctest; sourceTree = BUILT_PRODUCTS_DIR; };
		9C2CACFB2AF616BB0053B1B5 /* _thWeekBeforeStudyMissionTests.swift */ = {isa = PBXFileReference; lastKnownFileType = sourcecode.swift; path = _thWeekBeforeStudyMissionTests.swift; sourceTree = "<group>"; };
		9C2CAD012AF616BB0053B1B5 /* 4thWeekBeforeStudyMissionUITests.xctest */ = {isa = PBXFileReference; explicitFileType = wrapper.cfbundle; includeInIndex = 0; path = 4thWeekBeforeStudyMissionUITests.xctest; sourceTree = BUILT_PRODUCTS_DIR; };
		9C2CAD052AF616BB0053B1B5 /* _thWeekBeforeStudyMissionUITests.swift */ = {isa = PBXFileReference; lastKnownFileType = sourcecode.swift; path = _thWeekBeforeStudyMissionUITests.swift; sourceTree = "<group>"; };
		9C2CAD072AF616BB0053B1B5 /* _thWeekBeforeStudyMissionUITestsLaunchTests.swift */ = {isa = PBXFileReference; lastKnownFileType = sourcecode.swift; path = _thWeekBeforeStudyMissionUITestsLaunchTests.swift; sourceTree = "<group>"; };
/* End PBXFileReference section */

/* Begin PBXFrameworksBuildPhase section */
		9C2CACDE2AF616BA0053B1B5 /* Frameworks */ = {
			isa = PBXFrameworksBuildPhase;
			buildActionMask = 2147483647;
			files = (
			);
			runOnlyForDeploymentPostprocessing = 0;
		};
		9C2CACF42AF616BB0053B1B5 /* Frameworks */ = {
			isa = PBXFrameworksBuildPhase;
			buildActionMask = 2147483647;
			files = (
			);
			runOnlyForDeploymentPostprocessing = 0;
		};
		9C2CACFE2AF616BB0053B1B5 /* Frameworks */ = {
			isa = PBXFrameworksBuildPhase;
			buildActionMask = 2147483647;
			files = (
			);
			runOnlyForDeploymentPostprocessing = 0;
		};
/* End PBXFrameworksBuildPhase section */

/* Begin PBXGroup section */
		9C2CACD82AF616BA0053B1B5 = {
			isa = PBXGroup;
			children = (
				9C2CACE32AF616BA0053B1B5 /* 4thWeekBeforeStudyMission */,
				9C2CACFA2AF616BB0053B1B5 /* 4thWeekBeforeStudyMissionTests */,
				9C2CAD042AF616BB0053B1B5 /* 4thWeekBeforeStudyMissionUITests */,
				9C2CACE22AF616BA0053B1B5 /* Products */,
			);
			sourceTree = "<group>";
		};
		9C2CACE22AF616BA0053B1B5 /* Products */ = {
			isa = PBXGroup;
			children = (
				9C2CACE12AF616BA0053B1B5 /* 4thWeekBeforeStudyMission.app */,
				9C2CACF72AF616BB0053B1B5 /* 4thWeekBeforeStudyMissionTests.xctest */,
				9C2CAD012AF616BB0053B1B5 /* 4thWeekBeforeStudyMissionUITests.xctest */,
			);
			name = Products;
			sourceTree = "<group>";
		};
		9C2CACE32AF616BA0053B1B5 /* 4thWeekBeforeStudyMission */ = {
			isa = PBXGroup;
			children = (
				9C2CACE42AF616BA0053B1B5 /* AppDelegate.swift */,
				9C2CACE62AF616BA0053B1B5 /* SceneDelegate.swift */,
				9C2CACE82AF616BA0053B1B5 /* ViewController.swift */,
				9C2CACEA2AF616BA0053B1B5 /* Main.storyboard */,
				9C2CACED2AF616BB0053B1B5 /* Assets.xcassets */,
				9C2CACEF2AF616BB0053B1B5 /* LaunchScreen.storyboard */,
				9C2CACF22AF616BB0053B1B5 /* Info.plist */,
			);
			path = 4thWeekBeforeStudyMission;
			sourceTree = "<group>";
		};
		9C2CACFA2AF616BB0053B1B5 /* 4thWeekBeforeStudyMissionTests */ = {
			isa = PBXGroup;
			children = (
				9C2CACFB2AF616BB0053B1B5 /* _thWeekBeforeStudyMissionTests.swift */,
			);
			path = 4thWeekBeforeStudyMissionTests;
			sourceTree = "<group>";
		};
		9C2CAD042AF616BB0053B1B5 /* 4thWeekBeforeStudyMissionUITests */ = {
			isa = PBXGroup;
			children = (
				9C2CAD052AF616BB0053B1B5 /* _thWeekBeforeStudyMissionUITests.swift */,
				9C2CAD072AF616BB0053B1B5 /* _thWeekBeforeStudyMissionUITestsLaunchTests.swift */,
			);
			path = 4thWeekBeforeStudyMissionUITests;
			sourceTree = "<group>";
		};
/* End PBXGroup section */

/* Begin PBXNativeTarget section */
		9C2CACE02AF616BA0053B1B5 /* 4thWeekBeforeStudyMission */ = {
			isa = PBXNativeTarget;
			buildConfigurationList = 9C2CAD0B2AF616BB0053B1B5 /* Build configuration list for PBXNativeTarget "4thWeekBeforeStudyMission" */;
			buildPhases = (
				9C2CACDD2AF616BA0053B1B5 /* Sources */,
				9C2CACDE2AF616BA0053B1B5 /* Frameworks */,
				9C2CACDF2AF616BA0053B1B5 /* Resources */,
			);
			buildRules = (
			);
			dependencies = (
			);
			name = 4thWeekBeforeStudyMission;
			productName = 4thWeekBeforeStudyMission;
			productReference = 9C2CACE12AF616BA0053B1B5 /* 4thWeekBeforeStudyMission.app */;
			productType = "com.apple.product-type.application";
		};
		9C2CACF62AF616BB0053B1B5 /* 4thWeekBeforeStudyMissionTests */ = {
			isa = PBXNativeTarget;
			buildConfigurationList = 9C2CAD0E2AF616BB0053B1B5 /* Build configuration list for PBXNativeTarget "4thWeekBeforeStudyMissionTests" */;
			buildPhases = (
				9C2CACF32AF616BB0053B1B5 /* Sources */,
				9C2CACF42AF616BB0053B1B5 /* Frameworks */,
				9C2CACF52AF616BB0053B1B5 /* Resources */,
			);
			buildRules = (
			);
			dependencies = (
				9C2CACF92AF616BB0053B1B5 /* PBXTargetDependency */,
			);
			name = 4thWeekBeforeStudyMissionTests;
			productName = 4thWeekBeforeStudyMissionTests;
			productReference = 9C2CACF72AF616BB0053B1B5 /* 4thWeekBeforeStudyMissionTests.xctest */;
			productType = "com.apple.product-type.bundle.unit-test";
		};
		9C2CAD002AF616BB0053B1B5 /* 4thWeekBeforeStudyMissionUITests */ = {
			isa = PBXNativeTarget;
			buildConfigurationList = 9C2CAD112AF616BB0053B1B5 /* Build configuration list for PBXNativeTarget "4thWeekBeforeStudyMissionUITests" */;
			buildPhases = (
				9C2CACFD2AF616BB0053B1B5 /* Sources */,
				9C2CACFE2AF616BB0053B1B5 /* Frameworks */,
				9C2CACFF2AF616BB0053B1B5 /* Resources */,
			);
			buildRules = (
			);
			dependencies = (
				9C2CAD032AF616BB0053B1B5 /* PBXTargetDependency */,
			);
			name = 4thWeekBeforeStudyMissionUITests;
			productName = 4thWeekBeforeStudyMissionUITests;
			productReference = 9C2CAD012AF616BB0053B1B5 /* 4thWeekBeforeStudyMissionUITests.xctest */;
			productType = "com.apple.product-type.bundle.ui-testing";
		};
/* End PBXNativeTarget section */

/* Begin PBXProject section */
		9C2CACD92AF616BA0053B1B5 /* Project object */ = {
			isa = PBXProject;
			attributes = {
				BuildIndependentTargetsInParallel = 1;
				LastSwiftUpdateCheck = 1500;
				LastUpgradeCheck = 1500;
				TargetAttributes = {
					9C2CACE02AF616BA0053B1B5 = {
						CreatedOnToolsVersion = 15.0.1;
					};
					9C2CACF62AF616BB0053B1B5 = {
						CreatedOnToolsVersion = 15.0.1;
						TestTargetID = 9C2CACE02AF616BA0053B1B5;
					};
					9C2CAD002AF616BB0053B1B5 = {
						CreatedOnToolsVersion = 15.0.1;
						TestTargetID = 9C2CACE02AF616BA0053B1B5;
					};
				};
			};
			buildConfigurationList = 9C2CACDC2AF616BA0053B1B5 /* Build configuration list for PBXProject "4thWeekBeforeStudyMission" */;
			compatibilityVersion = "Xcode 14.0";
			developmentRegion = en;
			hasScannedForEncodings = 0;
			knownRegions = (
				en,
				Base,
			);
			mainGroup = 9C2CACD82AF616BA0053B1B5;
			productRefGroup = 9C2CACE22AF616BA0053B1B5 /* Products */;
			projectDirPath = "";
			projectRoot = "";
			targets = (
				9C2CACE02AF616BA0053B1B5 /* 4thWeekBeforeStudyMission */,
				9C2CACF62AF616BB0053B1B5 /* 4thWeekBeforeStudyMissionTests */,
				9C2CAD002AF616BB0053B1B5 /* 4thWeekBeforeStudyMissionUITests */,
			);
		};
/* End PBXProject section */

/* Begin PBXResourcesBuildPhase section */
		9C2CACDF2AF616BA0053B1B5 /* Resources */ = {
			isa = PBXResourcesBuildPhase;
			buildActionMask = 2147483647;
			files = (
				9C2CACF12AF616BB0053B1B5 /* LaunchScreen.storyboard in Resources */,
				9C2CACEE2AF616BB0053B1B5 /* Assets.xcassets in Resources */,
				9C2CACEC2AF616BA0053B1B5 /* Main.storyboard in Resources */,
			);
			runOnlyForDeploymentPostprocessing = 0;
		};
		9C2CACF52AF616BB0053B1B5 /* Resources */ = {
			isa = PBXResourcesBuildPhase;
			buildActionMask = 2147483647;
			files = (
			);
			runOnlyForDeploymentPostprocessing = 0;
		};
		9C2CACFF2AF616BB0053B1B5 /* Resources */ = {
			isa = PBXResourcesBuildPhase;
			buildActionMask = 2147483647;
			files = (
			);
			runOnlyForDeploymentPostprocessing = 0;
		};
/* End PBXResourcesBuildPhase section */

/* Begin PBXSourcesBuildPhase section */
		9C2CACDD2AF616BA0053B1B5 /* Sources */ = {
			isa = PBXSourcesBuildPhase;
			buildActionMask = 2147483647;
			files = (
				9C2CACE92AF616BA0053B1B5 /* ViewController.swift in Sources */,
				9C2CACE52AF616BA0053B1B5 /* AppDelegate.swift in Sources */,
				9C2CACE72AF616BA0053B1B5 /* SceneDelegate.swift in Sources */,
			);
			runOnlyForDeploymentPostprocessing = 0;
		};
		9C2CACF32AF616BB0053B1B5 /* Sources */ = {
			isa = PBXSourcesBuildPhase;
			buildActionMask = 2147483647;
			files = (
				9C2CACFC2AF616BB0053B1B5 /* _thWeekBeforeStudyMissionTests.swift in Sources */,
			);
			runOnlyForDeploymentPostprocessing = 0;
		};
		9C2CACFD2AF616BB0053B1B5 /* Sources */ = {
			isa = PBXSourcesBuildPhase;
			buildActionMask = 2147483647;
			files = (
				9C2CAD082AF616BB0053B1B5 /* _thWeekBeforeStudyMissionUITestsLaunchTests.swift in Sources */,
				9C2CAD062AF616BB0053B1B5 /* _thWeekBeforeStudyMissionUITests.swift in Sources */,
			);
			runOnlyForDeploymentPostprocessing = 0;
		};
/* End PBXSourcesBuildPhase section */

/* Begin PBXTargetDependency section */
		9C2CACF92AF616BB0053B1B5 /* PBXTargetDependency */ = {
			isa = PBXTargetDependency;
			target = 9C2CACE02AF616BA0053B1B5 /* 4thWeekBeforeStudyMission */;
			targetProxy = 9C2CACF82AF616BB0053B1B5 /* PBXContainerItemProxy */;
		};
		9C2CAD032AF616BB0053B1B5 /* PBXTargetDependency */ = {
			isa = PBXTargetDependency;
			target = 9C2CACE02AF616BA0053B1B5 /* 4thWeekBeforeStudyMission */;
			targetProxy = 9C2CAD022AF616BB0053B1B5 /* PBXContainerItemProxy */;
		};
/* End PBXTargetDependency section */

/* Begin PBXVariantGroup section */
		9C2CACEA2AF616BA0053B1B5 /* Main.storyboard */ = {
			isa = PBXVariantGroup;
			children = (
				9C2CACEB2AF616BA0053B1B5 /* Base */,
			);
			name = Main.storyboard;
			sourceTree = "<group>";
		};
		9C2CACEF2AF616BB0053B1B5 /* LaunchScreen.storyboard */ = {
			isa = PBXVariantGroup;
			children = (
				9C2CACF02AF616BB0053B1B5 /* Base */,
			);
			name = LaunchScreen.storyboard;
			sourceTree = "<group>";
		};
/* End PBXVariantGroup section */

/* Begin XCBuildConfiguration section */
		9C2CAD092AF616BB0053B1B5 /* Debug */ = {
			isa = XCBuildConfiguration;
			buildSettings = {
				ALWAYS_SEARCH_USER_PATHS = NO;
				ASSETCATALOG_COMPILER_GENERATE_SWIFT_ASSET_SYMBOL_EXTENSIONS = YES;
				CLANG_ANALYZER_NONNULL = YES;
				CLANG_ANALYZER_NUMBER_OBJECT_CONVERSION = YES_AGGRESSIVE;
				CLANG_CXX_LANGUAGE_STANDARD = "gnu++20";
				CLANG_ENABLE_MODULES = YES;
				CLANG_ENABLE_OBJC_ARC = YES;
				CLANG_ENABLE_OBJC_WEAK = YES;
				CLANG_WARN_BLOCK_CAPTURE_AUTORELEASING = YES;
				CLANG_WARN_BOOL_CONVERSION = YES;
				CLANG_WARN_COMMA = YES;
				CLANG_WARN_CONSTANT_CONVERSION = YES;
				CLANG_WARN_DEPRECATED_OBJC_IMPLEMENTATIONS = YES;
				CLANG_WARN_DIRECT_OBJC_ISA_USAGE = YES_ERROR;
				CLANG_WARN_DOCUMENTATION_COMMENTS = YES;
				CLANG_WARN_EMPTY_BODY = YES;
				CLANG_WARN_ENUM_CONVERSION = YES;
				CLANG_WARN_INFINITE_RECURSION = YES;
				CLANG_WARN_INT_CONVERSION = YES;
				CLANG_WARN_NON_LITERAL_NULL_CONVERSION = YES;
				CLANG_WARN_OBJC_IMPLICIT_RETAIN_SELF = YES;
				CLANG_WARN_OBJC_LITERAL_CONVERSION = YES;
				CLANG_WARN_OBJC_ROOT_CLASS = YES_ERROR;
				CLANG_WARN_QUOTED_INCLUDE_IN_FRAMEWORK_HEADER = YES;
				CLANG_WARN_RANGE_LOOP_ANALYSIS = YES;
				CLANG_WARN_STRICT_PROTOTYPES = YES;
				CLANG_WARN_SUSPICIOUS_MOVE = YES;
				CLANG_WARN_UNGUARDED_AVAILABILITY = YES_AGGRESSIVE;
				CLANG_WARN_UNREACHABLE_CODE = YES;
				CLANG_WARN__DUPLICATE_METHOD_MATCH = YES;
				COPY_PHASE_STRIP = NO;
				DEBUG_INFORMATION_FORMAT = dwarf;
				ENABLE_STRICT_OBJC_MSGSEND = YES;
				ENABLE_TESTABILITY = YES;
				ENABLE_USER_SCRIPT_SANDBOXING = YES;
				GCC_C_LANGUAGE_STANDARD = gnu17;
				GCC_DYNAMIC_NO_PIC = NO;
				GCC_NO_COMMON_BLOCKS = YES;
				GCC_OPTIMIZATION_LEVEL = 0;
				GCC_PREPROCESSOR_DEFINITIONS = (
					"DEBUG=1",
					"$(inherited)",
				);
				GCC_WARN_64_TO_32_BIT_CONVERSION = YES;
				GCC_WARN_ABOUT_RETURN_TYPE = YES_ERROR;
				GCC_WARN_UNDECLARED_SELECTOR = YES;
				GCC_WARN_UNINITIALIZED_AUTOS = YES_AGGRESSIVE;
				GCC_WARN_UNUSED_FUNCTION = YES;
				GCC_WARN_UNUSED_VARIABLE = YES;
				IPHONEOS_DEPLOYMENT_TARGET = 17.0;
				LOCALIZATION_PREFERS_STRING_CATALOGS = YES;
				MTL_ENABLE_DEBUG_INFO = INCLUDE_SOURCE;
				MTL_FAST_MATH = YES;
				ONLY_ACTIVE_ARCH = YES;
				SDKROOT = iphoneos;
				SWIFT_ACTIVE_COMPILATION_CONDITIONS = "DEBUG $(inherited)";
				SWIFT_OPTIMIZATION_LEVEL = "-Onone";
			};
			name = Debug;
		};
		9C2CAD0A2AF616BB0053B1B5 /* Release */ = {
			isa = XCBuildConfiguration;
			buildSettings = {
				ALWAYS_SEARCH_USER_PATHS = NO;
				ASSETCATALOG_COMPILER_GENERATE_SWIFT_ASSET_SYMBOL_EXTENSIONS = YES;
				CLANG_ANALYZER_NONNULL = YES;
				CLANG_ANALYZER_NUMBER_OBJECT_CONVERSION = YES_AGGRESSIVE;
				CLANG_CXX_LANGUAGE_STANDARD = "gnu++20";
				CLANG_ENABLE_MODULES = YES;
				CLANG_ENABLE_OBJC_ARC = YES;
				CLANG_ENABLE_OBJC_WEAK = YES;
				CLANG_WARN_BLOCK_CAPTURE_AUTORELEASING = YES;
				CLANG_WARN_BOOL_CONVERSION = YES;
				CLANG_WARN_COMMA = YES;
				CLANG_WARN_CONSTANT_CONVERSION = YES;
				CLANG_WARN_DEPRECATED_OBJC_IMPLEMENTATIONS = YES;
				CLANG_WARN_DIRECT_OBJC_ISA_USAGE = YES_ERROR;
				CLANG_WARN_DOCUMENTATION_COMMENTS = YES;
				CLANG_WARN_EMPTY_BODY = YES;
				CLANG_WARN_ENUM_CONVERSION = YES;
				CLANG_WARN_INFINITE_RECURSION = YES;
				CLANG_WARN_INT_CONVERSION = YES;
				CLANG_WARN_NON_LITERAL_NULL_CONVERSION = YES;
				CLANG_WARN_OBJC_IMPLICIT_RETAIN_SELF = YES;
				CLANG_WARN_OBJC_LITERAL_CONVERSION = YES;
				CLANG_WARN_OBJC_ROOT_CLASS = YES_ERROR;
				CLANG_WARN_QUOTED_INCLUDE_IN_FRAMEWORK_HEADER = YES;
				CLANG_WARN_RANGE_LOOP_ANALYSIS = YES;
				CLANG_WARN_STRICT_PROTOTYPES = YES;
				CLANG_WARN_SUSPICIOUS_MOVE = YES;
				CLANG_WARN_UNGUARDED_AVAILABILITY = YES_AGGRESSIVE;
				CLANG_WARN_UNREACHABLE_CODE = YES;
				CLANG_WARN__DUPLICATE_METHOD_MATCH = YES;
				COPY_PHASE_STRIP = NO;
				DEBUG_INFORMATION_FORMAT = "dwarf-with-dsym";
				ENABLE_NS_ASSERTIONS = NO;
				ENABLE_STRICT_OBJC_MSGSEND = YES;
				ENABLE_USER_SCRIPT_SANDBOXING = YES;
				GCC_C_LANGUAGE_STANDARD = gnu17;
				GCC_NO_COMMON_BLOCKS = YES;
				GCC_WARN_64_TO_32_BIT_CONVERSION = YES;
				GCC_WARN_ABOUT_RETURN_TYPE = YES_ERROR;
				GCC_WARN_UNDECLARED_SELECTOR = YES;
				GCC_WARN_UNINITIALIZED_AUTOS = YES_AGGRESSIVE;
				GCC_WARN_UNUSED_FUNCTION = YES;
				GCC_WARN_UNUSED_VARIABLE = YES;
				IPHONEOS_DEPLOYMENT_TARGET = 17.0;
				LOCALIZATION_PREFERS_STRING_CATALOGS = YES;
				MTL_ENABLE_DEBUG_INFO = NO;
				MTL_FAST_MATH = YES;
				SDKROOT = iphoneos;
				SWIFT_COMPILATION_MODE = wholemodule;
				VALIDATE_PRODUCT = YES;
			};
			name = Release;
		};
		9C2CAD0C2AF616BB0053B1B5 /* Debug */ = {
			isa = XCBuildConfiguration;
			buildSettings = {
				ASSETCATALOG_COMPILER_APPICON_NAME = AppIcon;
				ASSETCATALOG_COMPILER_GLOBAL_ACCENT_COLOR_NAME = AccentColor;
				CODE_SIGN_STYLE = Automatic;
				CURRENT_PROJECT_VERSION = 1;
				GENERATE_INFOPLIST_FILE = YES;
				INFOPLIST_FILE = 4thWeekBeforeStudyMission/Info.plist;
				INFOPLIST_KEY_UIApplicationSupportsIndirectInputEvents = YES;
				INFOPLIST_KEY_UILaunchStoryboardName = LaunchScreen;
				INFOPLIST_KEY_UIMainStoryboardFile = Main;
				INFOPLIST_KEY_UISupportedInterfaceOrientations_iPad = "UIInterfaceOrientationPortrait UIInterfaceOrientationPortraitUpsideDown UIInterfaceOrientationLandscapeLeft UIInterfaceOrientationLandscapeRight";
				INFOPLIST_KEY_UISupportedInterfaceOrientations_iPhone = "UIInterfaceOrientationPortrait UIInterfaceOrientationLandscapeLeft UIInterfaceOrientationLandscapeRight";
				LD_RUNPATH_SEARCH_PATHS = (
					"$(inherited)",
					"@executable_path/Frameworks",
				);
				MARKETING_VERSION = 1.0;
				PRODUCT_BUNDLE_IDENTIFIER = "kjh.-thWeekBeforeStudyMission";
				PRODUCT_NAME = "$(TARGET_NAME)";
				SWIFT_EMIT_LOC_STRINGS = YES;
				SWIFT_VERSION = 5.0;
				TARGETED_DEVICE_FAMILY = "1,2";
			};
			name = Debug;
		};
		9C2CAD0D2AF616BB0053B1B5 /* Release */ = {
			isa = XCBuildConfiguration;
			buildSettings = {
				ASSETCATALOG_COMPILER_APPICON_NAME = AppIcon;
				ASSETCATALOG_COMPILER_GLOBAL_ACCENT_COLOR_NAME = AccentColor;
				CODE_SIGN_STYLE = Automatic;
				CURRENT_PROJECT_VERSION = 1;
				GENERATE_INFOPLIST_FILE = YES;
				INFOPLIST_FILE = 4thWeekBeforeStudyMission/Info.plist;
				INFOPLIST_KEY_UIApplicationSupportsIndirectInputEvents = YES;
				INFOPLIST_KEY_UILaunchStoryboardName = LaunchScreen;
				INFOPLIST_KEY_UIMainStoryboardFile = Main;
				INFOPLIST_KEY_UISupportedInterfaceOrientations_iPad = "UIInterfaceOrientationPortrait UIInterfaceOrientationPortraitUpsideDown UIInterfaceOrientationLandscapeLeft UIInterfaceOrientationLandscapeRight";
				INFOPLIST_KEY_UISupportedInterfaceOrientations_iPhone = "UIInterfaceOrientationPortrait UIInterfaceOrientationLandscapeLeft UIInterfaceOrientationLandscapeRight";
				LD_RUNPATH_SEARCH_PATHS = (
					"$(inherited)",
					"@executable_path/Frameworks",
				);
				MARKETING_VERSION = 1.0;
				PRODUCT_BUNDLE_IDENTIFIER = "kjh.-thWeekBeforeStudyMission";
				PRODUCT_NAME = "$(TARGET_NAME)";
				SWIFT_EMIT_LOC_STRINGS = YES;
				SWIFT_VERSION = 5.0;
				TARGETED_DEVICE_FAMILY = "1,2";
			};
			name = Release;
		};
		9C2CAD0F2AF616BB0053B1B5 /* Debug */ = {
			isa = XCBuildConfiguration;
			buildSettings = {
				ALWAYS_EMBED_SWIFT_STANDARD_LIBRARIES = YES;
				BUNDLE_LOADER = "$(TEST_HOST)";
				CODE_SIGN_STYLE = Automatic;
				CURRENT_PROJECT_VERSION = 1;
				GENERATE_INFOPLIST_FILE = YES;
				IPHONEOS_DEPLOYMENT_TARGET = 17.0;
				MARKETING_VERSION = 1.0;
				PRODUCT_BUNDLE_IDENTIFIER = "kjh.-thWeekBeforeStudyMissionTests";
				PRODUCT_NAME = "$(TARGET_NAME)";
				SWIFT_EMIT_LOC_STRINGS = NO;
				SWIFT_VERSION = 5.0;
				TARGETED_DEVICE_FAMILY = "1,2";
				TEST_HOST = "$(BUILT_PRODUCTS_DIR)/4thWeekBeforeStudyMission.app/$(BUNDLE_EXECUTABLE_FOLDER_PATH)/4thWeekBeforeStudyMission";
			};
			name = Debug;
		};
		9C2CAD102AF616BB0053B1B5 /* Release */ = {
			isa = XCBuildConfiguration;
			buildSettings = {
				ALWAYS_EMBED_SWIFT_STANDARD_LIBRARIES = YES;
				BUNDLE_LOADER = "$(TEST_HOST)";
				CODE_SIGN_STYLE = Automatic;
				CURRENT_PROJECT_VERSION = 1;
				GENERATE_INFOPLIST_FILE = YES;
				IPHONEOS_DEPLOYMENT_TARGET = 17.0;
				MARKETING_VERSION = 1.0;
				PRODUCT_BUNDLE_IDENTIFIER = "kjh.-thWeekBeforeStudyMissionTests";
				PRODUCT_NAME = "$(TARGET_NAME)";
				SWIFT_EMIT_LOC_STRINGS = NO;
				SWIFT_VERSION = 5.0;
				TARGETED_DEVICE_FAMILY = "1,2";
				TEST_HOST = "$(BUILT_PRODUCTS_DIR)/4thWeekBeforeStudyMission.app/$(BUNDLE_EXECUTABLE_FOLDER_PATH)/4thWeekBeforeStudyMission";
			};
			name = Release;
		};
		9C2CAD122AF616BB0053B1B5 /* Debug */ = {
			isa = XCBuildConfiguration;
			buildSettings = {
				ALWAYS_EMBED_SWIFT_STANDARD_LIBRARIES = YES;
				CODE_SIGN_STYLE = Automatic;
				CURRENT_PROJECT_VERSION = 1;
				GENERATE_INFOPLIST_FILE = YES;
				MARKETING_VERSION = 1.0;
				PRODUCT_BUNDLE_IDENTIFIER = "kjh.-thWeekBeforeStudyMissionUITests";
				PRODUCT_NAME = "$(TARGET_NAME)";
				SWIFT_EMIT_LOC_STRINGS = NO;
				SWIFT_VERSION = 5.0;
				TARGETED_DEVICE_FAMILY = "1,2";
				TEST_TARGET_NAME = 4thWeekBeforeStudyMission;
			};
			name = Debug;
		};
		9C2CAD132AF616BB0053B1B5 /* Release */ = {
			isa = XCBuildConfiguration;
			buildSettings = {
				ALWAYS_EMBED_SWIFT_STANDARD_LIBRARIES = YES;
				CODE_SIGN_STYLE = Automatic;
				CURRENT_PROJECT_VERSION = 1;
				GENERATE_INFOPLIST_FILE = YES;
				MARKETING_VERSION = 1.0;
				PRODUCT_BUNDLE_IDENTIFIER = "kjh.-thWeekBeforeStudyMissionUITests";
				PRODUCT_NAME = "$(TARGET_NAME)";
				SWIFT_EMIT_LOC_STRINGS = NO;
				SWIFT_VERSION = 5.0;
				TARGETED_DEVICE_FAMILY = "1,2";
				TEST_TARGET_NAME = 4thWeekBeforeStudyMission;
			};
			name = Release;
		};
/* End XCBuildConfiguration section */

/* Begin XCConfigurationList section */
		9C2CACDC2AF616BA0053B1B5 /* Build configuration list for PBXProject "4thWeekBeforeStudyMission" */ = {
			isa = XCConfigurationList;
			buildConfigurations = (
				9C2CAD092AF616BB0053B1B5 /* Debug */,
				9C2CAD0A2AF616BB0053B1B5 /* Release */,
			);
			defaultConfigurationIsVisible = 0;
			defaultConfigurationName = Release;
		};
		9C2CAD0B2AF616BB0053B1B5 /* Build configuration list for PBXNativeTarget "4thWeekBeforeStudyMission" */ = {
			isa = XCConfigurationList;
			buildConfigurations = (
				9C2CAD0C2AF616BB0053B1B5 /* Debug */,
				9C2CAD0D2AF616BB0053B1B5 /* Release */,
			);
			defaultConfigurationIsVisible = 0;
			defaultConfigurationName = Release;
		};
		9C2CAD0E2AF616BB0053B1B5 /* Build configuration list for PBXNativeTarget "4thWeekBeforeStudyMissionTests" */ = {
			isa = XCConfigurationList;
			buildConfigurations = (
				9C2CAD0F2AF616BB0053B1B5 /* Debug */,
				9C2CAD102AF616BB0053B1B5 /* Release */,
			);
			defaultConfigurationIsVisible = 0;
			defaultConfigurationName = Release;
		};
		9C2CAD112AF616BB0053B1B5 /* Build configuration list for PBXNativeTarget "4thWeekBeforeStudyMissionUITests" */ = {
			isa = XCConfigurationList;
			buildConfigurations = (
				9C2CAD122AF616BB0053B1B5 /* Debug */,
				9C2CAD132AF616BB0053B1B5 /* Release */,
			);
			defaultConfigurationIsVisible = 0;
			defaultConfigurationName = Release;
		};
/* End XCConfigurationList section */
	};
	rootObject = 9C2CACD92AF616BA0053B1B5 /* Project object */;
}
