// !$*UTF8*$!
{
	archiveVersion = 1;
	classes = {
	};
	objectVersion = 56;
	objects = {

/* Begin PBXBuildFile section */
		9CF3504C2AC4403300804D9E /* AppDelegate.swift in Sources */ = {isa = PBXBuildFile; fileRef = 9CF3504B2AC4403300804D9E /* AppDelegate.swift */; };
		9CF3504E2AC4403300804D9E /* SceneDelegate.swift in Sources */ = {isa = PBXBuildFile; fileRef = 9CF3504D2AC4403300804D9E /* SceneDelegate.swift */; };
		9CF350502AC4403300804D9E /* ViewController.swift in Sources */ = {isa = PBXBuildFile; fileRef = 9CF3504F2AC4403300804D9E /* ViewController.swift */; };
		9CF350532AC4403300804D9E /* Main.storyboard in Resources */ = {isa = PBXBuildFile; fileRef = 9CF350512AC4403300804D9E /* Main.storyboard */; };
		9CF350552AC4403400804D9E /* Assets.xcassets in Resources */ = {isa = PBXBuildFile; fileRef = 9CF350542AC4403400804D9E /* Assets.xcassets */; };
		9CF350582AC4403400804D9E /* LaunchScreen.storyboard in Resources */ = {isa = PBXBuildFile; fileRef = 9CF350562AC4403400804D9E /* LaunchScreen.storyboard */; };
		9CF350632AC4403400804D9E /* autolayoutPracTests.swift in Sources */ = {isa = PBXBuildFile; fileRef = 9CF350622AC4403400804D9E /* autolayoutPracTests.swift */; };
		9CF3506D2AC4403400804D9E /* autolayoutPracUITests.swift in Sources */ = {isa = PBXBuildFile; fileRef = 9CF3506C2AC4403400804D9E /* autolayoutPracUITests.swift */; };
		9CF3506F2AC4403400804D9E /* autolayoutPracUITestsLaunchTests.swift in Sources */ = {isa = PBXBuildFile; fileRef = 9CF3506E2AC4403400804D9E /* autolayoutPracUITestsLaunchTests.swift */; };
/* End PBXBuildFile section */

/* Begin PBXContainerItemProxy section */
		9CF3505F2AC4403400804D9E /* PBXContainerItemProxy */ = {
			isa = PBXContainerItemProxy;
			containerPortal = 9CF350402AC4403300804D9E /* Project object */;
			proxyType = 1;
			remoteGlobalIDString = 9CF350472AC4403300804D9E;
			remoteInfo = autolayoutPrac;
		};
		9CF350692AC4403400804D9E /* PBXContainerItemProxy */ = {
			isa = PBXContainerItemProxy;
			containerPortal = 9CF350402AC4403300804D9E /* Project object */;
			proxyType = 1;
			remoteGlobalIDString = 9CF350472AC4403300804D9E;
			remoteInfo = autolayoutPrac;
		};
/* End PBXContainerItemProxy section */

/* Begin PBXFileReference section */
		9CF350482AC4403300804D9E /* autolayoutPrac.app */ = {isa = PBXFileReference; explicitFileType = wrapper.application; includeInIndex = 0; path = autolayoutPrac.app; sourceTree = BUILT_PRODUCTS_DIR; };
		9CF3504B2AC4403300804D9E /* AppDelegate.swift */ = {isa = PBXFileReference; lastKnownFileType = sourcecode.swift; path = AppDelegate.swift; sourceTree = "<group>"; };
		9CF3504D2AC4403300804D9E /* SceneDelegate.swift */ = {isa = PBXFileReference; lastKnownFileType = sourcecode.swift; path = SceneDelegate.swift; sourceTree = "<group>"; };
		9CF3504F2AC4403300804D9E /* ViewController.swift */ = {isa = PBXFileReference; lastKnownFileType = sourcecode.swift; path = ViewController.swift; sourceTree = "<group>"; };
		9CF350522AC4403300804D9E /* Base */ = {isa = PBXFileReference; lastKnownFileType = file.storyboard; name = Base; path = Base.lproj/Main.storyboard; sourceTree = "<group>"; };
		9CF350542AC4403400804D9E /* Assets.xcassets */ = {isa = PBXFileReference; lastKnownFileType = folder.assetcatalog; path = Assets.xcassets; sourceTree = "<group>"; };
		9CF350572AC4403400804D9E /* Base */ = {isa = PBXFileReference; lastKnownFileType = file.storyboard; name = Base; path = Base.lproj/LaunchScreen.storyboard; sourceTree = "<group>"; };
		9CF350592AC4403400804D9E /* Info.plist */ = {isa = PBXFileReference; lastKnownFileType = text.plist.xml; path = Info.plist; sourceTree = "<group>"; };
		9CF3505E2AC4403400804D9E /* autolayoutPracTests.xctest */ = {isa = PBXFileReference; explicitFileType = wrapper.cfbundle; includeInIndex = 0; path = autolayoutPracTests.xctest; sourceTree = BUILT_PRODUCTS_DIR; };
		9CF350622AC4403400804D9E /* autolayoutPracTests.swift */ = {isa = PBXFileReference; lastKnownFileType = sourcecode.swift; path = autolayoutPracTests.swift; sourceTree = "<group>"; };
		9CF350682AC4403400804D9E /* autolayoutPracUITests.xctest */ = {isa = PBXFileReference; explicitFileType = wrapper.cfbundle; includeInIndex = 0; path = autolayoutPracUITests.xctest; sourceTree = BUILT_PRODUCTS_DIR; };
		9CF3506C2AC4403400804D9E /* autolayoutPracUITests.swift */ = {isa = PBXFileReference; lastKnownFileType = sourcecode.swift; path = autolayoutPracUITests.swift; sourceTree = "<group>"; };
		9CF3506E2AC4403400804D9E /* autolayoutPracUITestsLaunchTests.swift */ = {isa = PBXFileReference; lastKnownFileType = sourcecode.swift; path = autolayoutPracUITestsLaunchTests.swift; sourceTree = "<group>"; };
/* End PBXFileReference section */

/* Begin PBXFrameworksBuildPhase section */
		9CF350452AC4403300804D9E /* Frameworks */ = {
			isa = PBXFrameworksBuildPhase;
			buildActionMask = 2147483647;
			files = (
			);
			runOnlyForDeploymentPostprocessing = 0;
		};
		9CF3505B2AC4403400804D9E /* Frameworks */ = {
			isa = PBXFrameworksBuildPhase;
			buildActionMask = 2147483647;
			files = (
			);
			runOnlyForDeploymentPostprocessing = 0;
		};
		9CF350652AC4403400804D9E /* Frameworks */ = {
			isa = PBXFrameworksBuildPhase;
			buildActionMask = 2147483647;
			files = (
			);
			runOnlyForDeploymentPostprocessing = 0;
		};
/* End PBXFrameworksBuildPhase section */

/* Begin PBXGroup section */
		9CF3503F2AC4403300804D9E = {
			isa = PBXGroup;
			children = (
				9CF3504A2AC4403300804D9E /* autolayoutPrac */,
				9CF350612AC4403400804D9E /* autolayoutPracTests */,
				9CF3506B2AC4403400804D9E /* autolayoutPracUITests */,
				9CF350492AC4403300804D9E /* Products */,
			);
			sourceTree = "<group>";
		};
		9CF350492AC4403300804D9E /* Products */ = {
			isa = PBXGroup;
			children = (
				9CF350482AC4403300804D9E /* autolayoutPrac.app */,
				9CF3505E2AC4403400804D9E /* autolayoutPracTests.xctest */,
				9CF350682AC4403400804D9E /* autolayoutPracUITests.xctest */,
			);
			name = Products;
			sourceTree = "<group>";
		};
		9CF3504A2AC4403300804D9E /* autolayoutPrac */ = {
			isa = PBXGroup;
			children = (
				9CF3504B2AC4403300804D9E /* AppDelegate.swift */,
				9CF3504D2AC4403300804D9E /* SceneDelegate.swift */,
				9CF3504F2AC4403300804D9E /* ViewController.swift */,
				9CF350512AC4403300804D9E /* Main.storyboard */,
				9CF350542AC4403400804D9E /* Assets.xcassets */,
				9CF350562AC4403400804D9E /* LaunchScreen.storyboard */,
				9CF350592AC4403400804D9E /* Info.plist */,
			);
			path = autolayoutPrac;
			sourceTree = "<group>";
		};
		9CF350612AC4403400804D9E /* autolayoutPracTests */ = {
			isa = PBXGroup;
			children = (
				9CF350622AC4403400804D9E /* autolayoutPracTests.swift */,
			);
			path = autolayoutPracTests;
			sourceTree = "<group>";
		};
		9CF3506B2AC4403400804D9E /* autolayoutPracUITests */ = {
			isa = PBXGroup;
			children = (
				9CF3506C2AC4403400804D9E /* autolayoutPracUITests.swift */,
				9CF3506E2AC4403400804D9E /* autolayoutPracUITestsLaunchTests.swift */,
			);
			path = autolayoutPracUITests;
			sourceTree = "<group>";
		};
/* End PBXGroup section */

/* Begin PBXNativeTarget section */
		9CF350472AC4403300804D9E /* autolayoutPrac */ = {
			isa = PBXNativeTarget;
			buildConfigurationList = 9CF350722AC4403400804D9E /* Build configuration list for PBXNativeTarget "autolayoutPrac" */;
			buildPhases = (
				9CF350442AC4403300804D9E /* Sources */,
				9CF350452AC4403300804D9E /* Frameworks */,
				9CF350462AC4403300804D9E /* Resources */,
			);
			buildRules = (
			);
			dependencies = (
			);
			name = autolayoutPrac;
			productName = autolayoutPrac;
			productReference = 9CF350482AC4403300804D9E /* autolayoutPrac.app */;
			productType = "com.apple.product-type.application";
		};
		9CF3505D2AC4403400804D9E /* autolayoutPracTests */ = {
			isa = PBXNativeTarget;
			buildConfigurationList = 9CF350752AC4403400804D9E /* Build configuration list for PBXNativeTarget "autolayoutPracTests" */;
			buildPhases = (
				9CF3505A2AC4403400804D9E /* Sources */,
				9CF3505B2AC4403400804D9E /* Frameworks */,
				9CF3505C2AC4403400804D9E /* Resources */,
			);
			buildRules = (
			);
			dependencies = (
				9CF350602AC4403400804D9E /* PBXTargetDependency */,
			);
			name = autolayoutPracTests;
			productName = autolayoutPracTests;
			productReference = 9CF3505E2AC4403400804D9E /* autolayoutPracTests.xctest */;
			productType = "com.apple.product-type.bundle.unit-test";
		};
		9CF350672AC4403400804D9E /* autolayoutPracUITests */ = {
			isa = PBXNativeTarget;
			buildConfigurationList = 9CF350782AC4403400804D9E /* Build configuration list for PBXNativeTarget "autolayoutPracUITests" */;
			buildPhases = (
				9CF350642AC4403400804D9E /* Sources */,
				9CF350652AC4403400804D9E /* Frameworks */,
				9CF350662AC4403400804D9E /* Resources */,
			);
			buildRules = (
			);
			dependencies = (
				9CF3506A2AC4403400804D9E /* PBXTargetDependency */,
			);
			name = autolayoutPracUITests;
			productName = autolayoutPracUITests;
			productReference = 9CF350682AC4403400804D9E /* autolayoutPracUITests.xctest */;
			productType = "com.apple.product-type.bundle.ui-testing";
		};
/* End PBXNativeTarget section */

/* Begin PBXProject section */
		9CF350402AC4403300804D9E /* Project object */ = {
			isa = PBXProject;
			attributes = {
				BuildIndependentTargetsInParallel = 1;
				LastSwiftUpdateCheck = 1500;
				LastUpgradeCheck = 1500;
				TargetAttributes = {
					9CF350472AC4403300804D9E = {
						CreatedOnToolsVersion = 15.0;
					};
					9CF3505D2AC4403400804D9E = {
						CreatedOnToolsVersion = 15.0;
						TestTargetID = 9CF350472AC4403300804D9E;
					};
					9CF350672AC4403400804D9E = {
						CreatedOnToolsVersion = 15.0;
						TestTargetID = 9CF350472AC4403300804D9E;
					};
				};
			};
			buildConfigurationList = 9CF350432AC4403300804D9E /* Build configuration list for PBXProject "autolayoutPrac" */;
			compatibilityVersion = "Xcode 14.0";
			developmentRegion = en;
			hasScannedForEncodings = 0;
			knownRegions = (
				en,
				Base,
			);
			mainGroup = 9CF3503F2AC4403300804D9E;
			productRefGroup = 9CF350492AC4403300804D9E /* Products */;
			projectDirPath = "";
			projectRoot = "";
			targets = (
				9CF350472AC4403300804D9E /* autolayoutPrac */,
				9CF3505D2AC4403400804D9E /* autolayoutPracTests */,
				9CF350672AC4403400804D9E /* autolayoutPracUITests */,
			);
		};
/* End PBXProject section */

/* Begin PBXResourcesBuildPhase section */
		9CF350462AC4403300804D9E /* Resources */ = {
			isa = PBXResourcesBuildPhase;
			buildActionMask = 2147483647;
			files = (
				9CF350582AC4403400804D9E /* LaunchScreen.storyboard in Resources */,
				9CF350552AC4403400804D9E /* Assets.xcassets in Resources */,
				9CF350532AC4403300804D9E /* Main.storyboard in Resources */,
			);
			runOnlyForDeploymentPostprocessing = 0;
		};
		9CF3505C2AC4403400804D9E /* Resources */ = {
			isa = PBXResourcesBuildPhase;
			buildActionMask = 2147483647;
			files = (
			);
			runOnlyForDeploymentPostprocessing = 0;
		};
		9CF350662AC4403400804D9E /* Resources */ = {
			isa = PBXResourcesBuildPhase;
			buildActionMask = 2147483647;
			files = (
			);
			runOnlyForDeploymentPostprocessing = 0;
		};
/* End PBXResourcesBuildPhase section */

/* Begin PBXSourcesBuildPhase section */
		9CF350442AC4403300804D9E /* Sources */ = {
			isa = PBXSourcesBuildPhase;
			buildActionMask = 2147483647;
			files = (
				9CF350502AC4403300804D9E /* ViewController.swift in Sources */,
				9CF3504C2AC4403300804D9E /* AppDelegate.swift in Sources */,
				9CF3504E2AC4403300804D9E /* SceneDelegate.swift in Sources */,
			);
			runOnlyForDeploymentPostprocessing = 0;
		};
		9CF3505A2AC4403400804D9E /* Sources */ = {
			isa = PBXSourcesBuildPhase;
			buildActionMask = 2147483647;
			files = (
				9CF350632AC4403400804D9E /* autolayoutPracTests.swift in Sources */,
			);
			runOnlyForDeploymentPostprocessing = 0;
		};
		9CF350642AC4403400804D9E /* Sources */ = {
			isa = PBXSourcesBuildPhase;
			buildActionMask = 2147483647;
			files = (
				9CF3506D2AC4403400804D9E /* autolayoutPracUITests.swift in Sources */,
				9CF3506F2AC4403400804D9E /* autolayoutPracUITestsLaunchTests.swift in Sources */,
			);
			runOnlyForDeploymentPostprocessing = 0;
		};
/* End PBXSourcesBuildPhase section */

/* Begin PBXTargetDependency section */
		9CF350602AC4403400804D9E /* PBXTargetDependency */ = {
			isa = PBXTargetDependency;
			target = 9CF350472AC4403300804D9E /* autolayoutPrac */;
			targetProxy = 9CF3505F2AC4403400804D9E /* PBXContainerItemProxy */;
		};
		9CF3506A2AC4403400804D9E /* PBXTargetDependency */ = {
			isa = PBXTargetDependency;
			target = 9CF350472AC4403300804D9E /* autolayoutPrac */;
			targetProxy = 9CF350692AC4403400804D9E /* PBXContainerItemProxy */;
		};
/* End PBXTargetDependency section */

/* Begin PBXVariantGroup section */
		9CF350512AC4403300804D9E /* Main.storyboard */ = {
			isa = PBXVariantGroup;
			children = (
				9CF350522AC4403300804D9E /* Base */,
			);
			name = Main.storyboard;
			sourceTree = "<group>";
		};
		9CF350562AC4403400804D9E /* LaunchScreen.storyboard */ = {
			isa = PBXVariantGroup;
			children = (
				9CF350572AC4403400804D9E /* Base */,
			);
			name = LaunchScreen.storyboard;
			sourceTree = "<group>";
		};
/* End PBXVariantGroup section */

/* Begin XCBuildConfiguration section */
		9CF350702AC4403400804D9E /* Debug */ = {
			isa = XCBuildConfiguration;
			buildSettings = {
				ALWAYS_SEARCH_USER_PATHS = NO;
				ASSETCATALOG_COMPILER_GENERATE_SWIFT_ASSET_SYMBOL_EXTENSIONS = YES;
				CLANG_ANALYZER_NONNULL = YES;
				CLANG_ANALYZER_NUMBER_OBJECT_CONVERSION = YES_AGGRESSIVE;
				CLANG_CXX_LANGUAGE_STANDARD = "gnu++20";
				CLANG_ENABLE_MODULES = YES;
				CLANG_ENABLE_OBJC_ARC = YES;
				CLANG_ENABLE_OBJC_WEAK = YES;
				CLANG_WARN_BLOCK_CAPTURE_AUTORELEASING = YES;
				CLANG_WARN_BOOL_CONVERSION = YES;
				CLANG_WARN_COMMA = YES;
				CLANG_WARN_CONSTANT_CONVERSION = YES;
				CLANG_WARN_DEPRECATED_OBJC_IMPLEMENTATIONS = YES;
				CLANG_WARN_DIRECT_OBJC_ISA_USAGE = YES_ERROR;
				CLANG_WARN_DOCUMENTATION_COMMENTS = YES;
				CLANG_WARN_EMPTY_BODY = YES;
				CLANG_WARN_ENUM_CONVERSION = YES;
				CLANG_WARN_INFINITE_RECURSION = YES;
				CLANG_WARN_INT_CONVERSION = YES;
				CLANG_WARN_NON_LITERAL_NULL_CONVERSION = YES;
				CLANG_WARN_OBJC_IMPLICIT_RETAIN_SELF = YES;
				CLANG_WARN_OBJC_LITERAL_CONVERSION = YES;
				CLANG_WARN_OBJC_ROOT_CLASS = YES_ERROR;
				CLANG_WARN_QUOTED_INCLUDE_IN_FRAMEWORK_HEADER = YES;
				CLANG_WARN_RANGE_LOOP_ANALYSIS = YES;
				CLANG_WARN_STRICT_PROTOTYPES = YES;
				CLANG_WARN_SUSPICIOUS_MOVE = YES;
				CLANG_WARN_UNGUARDED_AVAILABILITY = YES_AGGRESSIVE;
				CLANG_WARN_UNREACHABLE_CODE = YES;
				CLANG_WARN__DUPLICATE_METHOD_MATCH = YES;
				COPY_PHASE_STRIP = NO;
				DEBUG_INFORMATION_FORMAT = dwarf;
				ENABLE_STRICT_OBJC_MSGSEND = YES;
				ENABLE_TESTABILITY = YES;
				ENABLE_USER_SCRIPT_SANDBOXING = YES;
				GCC_C_LANGUAGE_STANDARD = gnu17;
				GCC_DYNAMIC_NO_PIC = NO;
				GCC_NO_COMMON_BLOCKS = YES;
				GCC_OPTIMIZATION_LEVEL = 0;
				GCC_PREPROCESSOR_DEFINITIONS = (
					"DEBUG=1",
					"$(inherited)",
				);
				GCC_WARN_64_TO_32_BIT_CONVERSION = YES;
				GCC_WARN_ABOUT_RETURN_TYPE = YES_ERROR;
				GCC_WARN_UNDECLARED_SELECTOR = YES;
				GCC_WARN_UNINITIALIZED_AUTOS = YES_AGGRESSIVE;
				GCC_WARN_UNUSED_FUNCTION = YES;
				GCC_WARN_UNUSED_VARIABLE = YES;
				IPHONEOS_DEPLOYMENT_TARGET = 17.0;
				LOCALIZATION_PREFERS_STRING_CATALOGS = YES;
				MTL_ENABLE_DEBUG_INFO = INCLUDE_SOURCE;
				MTL_FAST_MATH = YES;
				ONLY_ACTIVE_ARCH = YES;
				SDKROOT = iphoneos;
				SWIFT_ACTIVE_COMPILATION_CONDITIONS = "DEBUG $(inherited)";
				SWIFT_OPTIMIZATION_LEVEL = "-Onone";
			};
			name = Debug;
		};
		9CF350712AC4403400804D9E /* Release */ = {
			isa = XCBuildConfiguration;
			buildSettings = {
				ALWAYS_SEARCH_USER_PATHS = NO;
				ASSETCATALOG_COMPILER_GENERATE_SWIFT_ASSET_SYMBOL_EXTENSIONS = YES;
				CLANG_ANALYZER_NONNULL = YES;
				CLANG_ANALYZER_NUMBER_OBJECT_CONVERSION = YES_AGGRESSIVE;
				CLANG_CXX_LANGUAGE_STANDARD = "gnu++20";
				CLANG_ENABLE_MODULES = YES;
				CLANG_ENABLE_OBJC_ARC = YES;
				CLANG_ENABLE_OBJC_WEAK = YES;
				CLANG_WARN_BLOCK_CAPTURE_AUTORELEASING = YES;
				CLANG_WARN_BOOL_CONVERSION = YES;
				CLANG_WARN_COMMA = YES;
				CLANG_WARN_CONSTANT_CONVERSION = YES;
				CLANG_WARN_DEPRECATED_OBJC_IMPLEMENTATIONS = YES;
				CLANG_WARN_DIRECT_OBJC_ISA_USAGE = YES_ERROR;
				CLANG_WARN_DOCUMENTATION_COMMENTS = YES;
				CLANG_WARN_EMPTY_BODY = YES;
				CLANG_WARN_ENUM_CONVERSION = YES;
				CLANG_WARN_INFINITE_RECURSION = YES;
				CLANG_WARN_INT_CONVERSION = YES;
				CLANG_WARN_NON_LITERAL_NULL_CONVERSION = YES;
				CLANG_WARN_OBJC_IMPLICIT_RETAIN_SELF = YES;
				CLANG_WARN_OBJC_LITERAL_CONVERSION = YES;
				CLANG_WARN_OBJC_ROOT_CLASS = YES_ERROR;
				CLANG_WARN_QUOTED_INCLUDE_IN_FRAMEWORK_HEADER = YES;
				CLANG_WARN_RANGE_LOOP_ANALYSIS = YES;
				CLANG_WARN_STRICT_PROTOTYPES = YES;
				CLANG_WARN_SUSPICIOUS_MOVE = YES;
				CLANG_WARN_UNGUARDED_AVAILABILITY = YES_AGGRESSIVE;
				CLANG_WARN_UNREACHABLE_CODE = YES;
				CLANG_WARN__DUPLICATE_METHOD_MATCH = YES;
				COPY_PHASE_STRIP = NO;
				DEBUG_INFORMATION_FORMAT = "dwarf-with-dsym";
				ENABLE_NS_ASSERTIONS = NO;
				ENABLE_STRICT_OBJC_MSGSEND = YES;
				ENABLE_USER_SCRIPT_SANDBOXING = YES;
				GCC_C_LANGUAGE_STANDARD = gnu17;
				GCC_NO_COMMON_BLOCKS = YES;
				GCC_WARN_64_TO_32_BIT_CONVERSION = YES;
				GCC_WARN_ABOUT_RETURN_TYPE = YES_ERROR;
				GCC_WARN_UNDECLARED_SELECTOR = YES;
				GCC_WARN_UNINITIALIZED_AUTOS = YES_AGGRESSIVE;
				GCC_WARN_UNUSED_FUNCTION = YES;
				GCC_WARN_UNUSED_VARIABLE = YES;
				IPHONEOS_DEPLOYMENT_TARGET = 17.0;
				LOCALIZATION_PREFERS_STRING_CATALOGS = YES;
				MTL_ENABLE_DEBUG_INFO = NO;
				MTL_FAST_MATH = YES;
				SDKROOT = iphoneos;
				SWIFT_COMPILATION_MODE = wholemodule;
				VALIDATE_PRODUCT = YES;
			};
			name = Release;
		};
		9CF350732AC4403400804D9E /* Debug */ = {
			isa = XCBuildConfiguration;
			buildSettings = {
				ASSETCATALOG_COMPILER_APPICON_NAME = AppIcon;
				ASSETCATALOG_COMPILER_GLOBAL_ACCENT_COLOR_NAME = AccentColor;
				CODE_SIGN_STYLE = Automatic;
				CURRENT_PROJECT_VERSION = 1;
				GENERATE_INFOPLIST_FILE = YES;
				INFOPLIST_FILE = autolayoutPrac/Info.plist;
				INFOPLIST_KEY_UIApplicationSupportsIndirectInputEvents = YES;
				INFOPLIST_KEY_UILaunchStoryboardName = LaunchScreen;
				INFOPLIST_KEY_UIMainStoryboardFile = Main;
				INFOPLIST_KEY_UISupportedInterfaceOrientations_iPad = "UIInterfaceOrientationPortrait UIInterfaceOrientationPortraitUpsideDown UIInterfaceOrientationLandscapeLeft UIInterfaceOrientationLandscapeRight";
				INFOPLIST_KEY_UISupportedInterfaceOrientations_iPhone = "UIInterfaceOrientationPortrait UIInterfaceOrientationLandscapeLeft UIInterfaceOrientationLandscapeRight";
				LD_RUNPATH_SEARCH_PATHS = (
					"$(inherited)",
					"@executable_path/Frameworks",
				);
				MARKETING_VERSION = 1.0;
				PRODUCT_BUNDLE_IDENTIFIER = kjh.autolayoutPrac;
				PRODUCT_NAME = "$(TARGET_NAME)";
				SWIFT_EMIT_LOC_STRINGS = YES;
				SWIFT_VERSION = 5.0;
				TARGETED_DEVICE_FAMILY = "1,2";
			};
			name = Debug;
		};
		9CF350742AC4403400804D9E /* Release */ = {
			isa = XCBuildConfiguration;
			buildSettings = {
				ASSETCATALOG_COMPILER_APPICON_NAME = AppIcon;
				ASSETCATALOG_COMPILER_GLOBAL_ACCENT_COLOR_NAME = AccentColor;
				CODE_SIGN_STYLE = Automatic;
				CURRENT_PROJECT_VERSION = 1;
				GENERATE_INFOPLIST_FILE = YES;
				INFOPLIST_FILE = autolayoutPrac/Info.plist;
				INFOPLIST_KEY_UIApplicationSupportsIndirectInputEvents = YES;
				INFOPLIST_KEY_UILaunchStoryboardName = LaunchScreen;
				INFOPLIST_KEY_UIMainStoryboardFile = Main;
				INFOPLIST_KEY_UISupportedInterfaceOrientations_iPad = "UIInterfaceOrientationPortrait UIInterfaceOrientationPortraitUpsideDown UIInterfaceOrientationLandscapeLeft UIInterfaceOrientationLandscapeRight";
				INFOPLIST_KEY_UISupportedInterfaceOrientations_iPhone = "UIInterfaceOrientationPortrait UIInterfaceOrientationLandscapeLeft UIInterfaceOrientationLandscapeRight";
				LD_RUNPATH_SEARCH_PATHS = (
					"$(inherited)",
					"@executable_path/Frameworks",
				);
				MARKETING_VERSION = 1.0;
				PRODUCT_BUNDLE_IDENTIFIER = kjh.autolayoutPrac;
				PRODUCT_NAME = "$(TARGET_NAME)";
				SWIFT_EMIT_LOC_STRINGS = YES;
				SWIFT_VERSION = 5.0;
				TARGETED_DEVICE_FAMILY = "1,2";
			};
			name = Release;
		};
		9CF350762AC4403400804D9E /* Debug */ = {
			isa = XCBuildConfiguration;
			buildSettings = {
				ALWAYS_EMBED_SWIFT_STANDARD_LIBRARIES = YES;
				BUNDLE_LOADER = "$(TEST_HOST)";
				CODE_SIGN_STYLE = Automatic;
				CURRENT_PROJECT_VERSION = 1;
				GENERATE_INFOPLIST_FILE = YES;
				IPHONEOS_DEPLOYMENT_TARGET = 17.0;
				MARKETING_VERSION = 1.0;
				PRODUCT_BUNDLE_IDENTIFIER = kjh.autolayoutPracTests;
				PRODUCT_NAME = "$(TARGET_NAME)";
				SWIFT_EMIT_LOC_STRINGS = NO;
				SWIFT_VERSION = 5.0;
				TARGETED_DEVICE_FAMILY = "1,2";
				TEST_HOST = "$(BUILT_PRODUCTS_DIR)/autolayoutPrac.app/$(BUNDLE_EXECUTABLE_FOLDER_PATH)/autolayoutPrac";
			};
			name = Debug;
		};
		9CF350772AC4403400804D9E /* Release */ = {
			isa = XCBuildConfiguration;
			buildSettings = {
				ALWAYS_EMBED_SWIFT_STANDARD_LIBRARIES = YES;
				BUNDLE_LOADER = "$(TEST_HOST)";
				CODE_SIGN_STYLE = Automatic;
				CURRENT_PROJECT_VERSION = 1;
				GENERATE_INFOPLIST_FILE = YES;
				IPHONEOS_DEPLOYMENT_TARGET = 17.0;
				MARKETING_VERSION = 1.0;
				PRODUCT_BUNDLE_IDENTIFIER = kjh.autolayoutPracTests;
				PRODUCT_NAME = "$(TARGET_NAME)";
				SWIFT_EMIT_LOC_STRINGS = NO;
				SWIFT_VERSION = 5.0;
				TARGETED_DEVICE_FAMILY = "1,2";
				TEST_HOST = "$(BUILT_PRODUCTS_DIR)/autolayoutPrac.app/$(BUNDLE_EXECUTABLE_FOLDER_PATH)/autolayoutPrac";
			};
			name = Release;
		};
		9CF350792AC4403400804D9E /* Debug */ = {
			isa = XCBuildConfiguration;
			buildSettings = {
				ALWAYS_EMBED_SWIFT_STANDARD_LIBRARIES = YES;
				CODE_SIGN_STYLE = Automatic;
				CURRENT_PROJECT_VERSION = 1;
				GENERATE_INFOPLIST_FILE = YES;
				MARKETING_VERSION = 1.0;
				PRODUCT_BUNDLE_IDENTIFIER = kjh.autolayoutPracUITests;
				PRODUCT_NAME = "$(TARGET_NAME)";
				SWIFT_EMIT_LOC_STRINGS = NO;
				SWIFT_VERSION = 5.0;
				TARGETED_DEVICE_FAMILY = "1,2";
				TEST_TARGET_NAME = autolayoutPrac;
			};
			name = Debug;
		};
		9CF3507A2AC4403400804D9E /* Release */ = {
			isa = XCBuildConfiguration;
			buildSettings = {
				ALWAYS_EMBED_SWIFT_STANDARD_LIBRARIES = YES;
				CODE_SIGN_STYLE = Automatic;
				CURRENT_PROJECT_VERSION = 1;
				GENERATE_INFOPLIST_FILE = YES;
				MARKETING_VERSION = 1.0;
				PRODUCT_BUNDLE_IDENTIFIER = kjh.autolayoutPracUITests;
				PRODUCT_NAME = "$(TARGET_NAME)";
				SWIFT_EMIT_LOC_STRINGS = NO;
				SWIFT_VERSION = 5.0;
				TARGETED_DEVICE_FAMILY = "1,2";
				TEST_TARGET_NAME = autolayoutPrac;
			};
			name = Release;
		};
/* End XCBuildConfiguration section */

/* Begin XCConfigurationList section */
		9CF350432AC4403300804D9E /* Build configuration list for PBXProject "autolayoutPrac" */ = {
			isa = XCConfigurationList;
			buildConfigurations = (
				9CF350702AC4403400804D9E /* Debug */,
				9CF350712AC4403400804D9E /* Release */,
			);
			defaultConfigurationIsVisible = 0;
			defaultConfigurationName = Release;
		};
		9CF350722AC4403400804D9E /* Build configuration list for PBXNativeTarget "autolayoutPrac" */ = {
			isa = XCConfigurationList;
			buildConfigurations = (
				9CF350732AC4403400804D9E /* Debug */,
				9CF350742AC4403400804D9E /* Release */,
			);
			defaultConfigurationIsVisible = 0;
			defaultConfigurationName = Release;
		};
		9CF350752AC4403400804D9E /* Build configuration list for PBXNativeTarget "autolayoutPracTests" */ = {
			isa = XCConfigurationList;
			buildConfigurations = (
				9CF350762AC4403400804D9E /* Debug */,
				9CF350772AC4403400804D9E /* Release */,
			);
			defaultConfigurationIsVisible = 0;
			defaultConfigurationName = Release;
		};
		9CF350782AC4403400804D9E /* Build configuration list for PBXNativeTarget "autolayoutPracUITests" */ = {
			isa = XCConfigurationList;
			buildConfigurations = (
				9CF350792AC4403400804D9E /* Debug */,
				9CF3507A2AC4403400804D9E /* Release */,
			);
			defaultConfigurationIsVisible = 0;
			defaultConfigurationName = Release;
		};
/* End XCConfigurationList section */
	};
	rootObject = 9CF350402AC4403300804D9E /* Project object */;
}
